
Microsoft Visual Studio Solution File, Format Version 12.00
# Visual Studio 15
VisualStudioVersion = 15.0.33026.149
MinimumVisualStudioVersion = 10.0.40219.1
Project("{FAE04EC0-301F-11D3-BF4B-00C04F79EFBC}") = "Dz1.Ryabikov.UTS_22", "Dz1.Ryabikov.UTS_22\Dz1.Ryabikov.UTS_22.csproj", "{2B51A1E7-0440-4D1A-A524-4712E953350D}"
EndProject
Global
	GlobalSection(SolutionConfigurationPlatforms) = preSolution
		Debug|Any CPU = Debug|Any CPU
		Release|Any CPU = Release|Any CPU
	EndGlobalSection
	GlobalSection(ProjectConfigurationPlatforms) = postSolution
		{2B51A1E7-0440-4D1A-A524-4712E953350D}.Debug|Any CPU.ActiveCfg = Debug|Any CPU
		{2B51A1E7-0440-4D1A-A524-4712E953350D}.Debug|Any CPU.Build.0 = Debug|Any CPU
		{2B51A1E7-0440-4D1A-A524-4712E953350D}.Release|Any CPU.ActiveCfg = Release|Any CPU
		{2B51A1E7-0440-4D1A-A524-4712E953350D}.Release|Any CPU.Build.0 = Release|Any CPU
	EndGlobalSection
	GlobalSection(SolutionProperties) = preSolution
		HideSolutionNode = FALSE
	EndGlobalSection
	GlobalSection(ExtensibilityGlobals) = postSolution
		SolutionGuid = {777AEFE9-EC3F-454C-A80B-FF2CFF1A38D3}
	EndGlobalSection
EndGlobal
